{
    "version": 3,
    "terraform_version": "0.11.2",
    "serial": 34,
    "lineage": "01e0985f-45f8-4ba3-9696-c3be93fc67fe",
    "modules": [
        {
            "path": [
                "root"
            ],
            "outputs": {
                "address": {
                    "sensitive": false,
                    "type": "string",
                    "value": "18.219.10.43"
                }
            },
            "resources": {
                "aws_instance.task1": {
                    "type": "aws_instance",
                    "depends_on": [
                        "aws_security_group.sg1",
                        "aws_subnet.task1_subnet"
                    ],
                    "primary": {
                        "id": "i-0cb04773a6e5aa150",
                        "attributes": {
                            "ami": "ami-2581aa40",
                            "associate_public_ip_address": "true",
                            "availability_zone": "us-east-2a",
                            "disable_api_termination": "false",
                            "ebs_block_device.#": "0",
                            "ebs_optimized": "false",
                            "ephemeral_block_device.#": "0",
                            "iam_instance_profile": "",
                            "id": "i-0cb04773a6e5aa150",
                            "instance_state": "running",
                            "instance_type": "t2.micro",
                            "ipv6_addresses.#": "0",
                            "key_name": "aws_key",
                            "monitoring": "false",
                            "network_interface.#": "0",
                            "network_interface_id": "eni-7006932e",
                            "placement_group": "",
                            "primary_network_interface_id": "eni-7006932e",
                            "private_dns": "ip-172-31-8-108.us-east-2.compute.internal",
                            "private_ip": "172.31.8.108",
                            "public_dns": "",
                            "public_ip": "18.219.10.43",
                            "root_block_device.#": "1",
                            "root_block_device.0.delete_on_termination": "true",
                            "root_block_device.0.iops": "100",
                            "root_block_device.0.volume_id": "vol-01e1c8ab77f2686fe",
                            "root_block_device.0.volume_size": "8",
                            "root_block_device.0.volume_type": "gp2",
                            "security_groups.#": "0",
                            "source_dest_check": "true",
                            "subnet_id": "subnet-c159faa9",
                            "tags.%": "0",
                            "tenancy": "default",
                            "volume_tags.%": "0",
                            "vpc_security_group_ids.#": "1",
                            "vpc_security_group_ids.2226930343": "sg-7b975f10"
                        },
                        "meta": {
                            "e2bfb730-ecaa-11e6-8f88-34363bc7c4c0": {
                                "create": 600000000000,
                                "delete": 600000000000,
                                "update": 600000000000
                            },
                            "schema_version": "1"
                        },
                        "tainted": false
                    },
                    "deposed": [],
                    "provider": "provider.aws"
                },
                "aws_internet_gateway.task1_gw": {
                    "type": "aws_internet_gateway",
                    "depends_on": [
                        "aws_vpc.task1_vpc"
                    ],
                    "primary": {
                        "id": "igw-2b6a5242",
                        "attributes": {
                            "id": "igw-2b6a5242",
                            "vpc_id": "vpc-c69530ae"
                        },
                        "meta": {},
                        "tainted": false
                    },
                    "deposed": [],
                    "provider": "provider.aws"
                },
                "aws_key_pair.awskey": {
                    "type": "aws_key_pair",
                    "depends_on": [],
                    "primary": {
                        "id": "aws_key",
                        "attributes": {
                            "id": "aws_key",
                            "key_name": "aws_key",
                            "public_key": "ssh-rsa AAAAB3NzaC1yc2EAAAADAQABAAABAQChTBHZk+vGArXoo7XXLeX8r22LyCfHmyT9z2B1h3cy7M00LKsnnBqa664rf5Yo8CrHvwCsTUbSKnHJZsUH5FoYIowq2kyPyj/+LdxNIt5Y/MVKTtVX/NCQpeQtyjO+DetB/hz/MEkzPvsXcm6wviCK2W8U9aCPJLFZrUirIvL6KZgeui91DyVEL5otdnFcViMKnkwWHyyCPGRr7TNIEIvlfa37blFixW2TvO+SyQdK5y2dLVIL6B1CyNDcH7TEogyCh/LyqRInmS4xtN0TKdmFpiMcYZRhlu0NKXmD9wqucfYRmO7pLKCXMbn15fbt73vbb3VCE4Fz+sBCT0K6NacP azher"
                        },
                        "meta": {
                            "schema_version": "1"
                        },
                        "tainted": false
                    },
                    "deposed": [],
                    "provider": "provider.aws"
                },
                "aws_route.internet_access": {
                    "type": "aws_route",
                    "depends_on": [
                        "aws_internet_gateway.task1_gw",
                        "aws_vpc.task1_vpc"
                    ],
                    "primary": {
                        "id": "r-rtb-1f32a6771080289494",
                        "attributes": {
                            "destination_cidr_block": "0.0.0.0/0",
                            "destination_prefix_list_id": "",
                            "egress_only_gateway_id": "",
                            "gateway_id": "igw-2b6a5242",
                            "id": "r-rtb-1f32a6771080289494",
                            "instance_id": "",
                            "instance_owner_id": "",
                            "nat_gateway_id": "",
                            "network_interface_id": "",
                            "origin": "CreateRoute",
                            "route_table_id": "rtb-1f32a677",
                            "state": "active",
                            "vpc_peering_connection_id": ""
                        },
                        "meta": {},
                        "tainted": false
                    },
                    "deposed": [],
                    "provider": "provider.aws"
                },
                "aws_security_group.sg1": {
                    "type": "aws_security_group",
                    "depends_on": [
                        "aws_vpc.task1_vpc"
                    ],
                    "primary": {
                        "id": "sg-7b975f10",
                        "attributes": {
                            "description": "Managed by Terraform",
                            "egress.#": "1",
                            "egress.482069346.cidr_blocks.#": "1",
                            "egress.482069346.cidr_blocks.0": "0.0.0.0/0",
                            "egress.482069346.description": "",
                            "egress.482069346.from_port": "0",
                            "egress.482069346.ipv6_cidr_blocks.#": "0",
                            "egress.482069346.prefix_list_ids.#": "0",
                            "egress.482069346.protocol": "-1",
                            "egress.482069346.security_groups.#": "0",
                            "egress.482069346.self": "false",
                            "egress.482069346.to_port": "0",
                            "id": "sg-7b975f10",
                            "ingress.#": "2",
                            "ingress.2214680975.cidr_blocks.#": "1",
                            "ingress.2214680975.cidr_blocks.0": "0.0.0.0/0",
                            "ingress.2214680975.description": "",
                            "ingress.2214680975.from_port": "80",
                            "ingress.2214680975.ipv6_cidr_blocks.#": "0",
                            "ingress.2214680975.protocol": "tcp",
                            "ingress.2214680975.security_groups.#": "0",
                            "ingress.2214680975.self": "false",
                            "ingress.2214680975.to_port": "80",
                            "ingress.447504240.cidr_blocks.#": "1",
                            "ingress.447504240.cidr_blocks.0": "194.44.181.195/32",
                            "ingress.447504240.description": "",
                            "ingress.447504240.from_port": "22",
                            "ingress.447504240.ipv6_cidr_blocks.#": "0",
                            "ingress.447504240.protocol": "tcp",
                            "ingress.447504240.security_groups.#": "0",
                            "ingress.447504240.self": "false",
                            "ingress.447504240.to_port": "22",
                            "name": "terraform_sg",
                            "owner_id": "974289011464",
                            "revoke_rules_on_delete": "false",
                            "tags.%": "0",
                            "vpc_id": "vpc-c69530ae"
                        },
                        "meta": {
                            "schema_version": "1"
                        },
                        "tainted": false
                    },
                    "deposed": [],
                    "provider": "provider.aws"
                },
                "aws_subnet.task1_subnet": {
                    "type": "aws_subnet",
                    "depends_on": [
                        "aws_vpc.task1_vpc"
                    ],
                    "primary": {
                        "id": "subnet-c159faa9",
                        "attributes": {
                            "assign_ipv6_address_on_creation": "false",
                            "availability_zone": "us-east-2a",
                            "cidr_block": "172.31.8.0/24",
                            "id": "subnet-c159faa9",
                            "map_public_ip_on_launch": "true",
                            "tags.%": "0",
                            "vpc_id": "vpc-c69530ae"
                        },
                        "meta": {
                            "schema_version": "1"
                        },
                        "tainted": false
                    },
                    "deposed": [],
                    "provider": "provider.aws"
                },
                "aws_vpc.task1_vpc": {
                    "type": "aws_vpc",
                    "depends_on": [],
                    "primary": {
                        "id": "vpc-c69530ae",
                        "attributes": {
                            "assign_generated_ipv6_cidr_block": "false",
                            "cidr_block": "172.31.0.0/16",
                            "default_network_acl_id": "acl-13259c7b",
                            "default_route_table_id": "rtb-1f32a677",
                            "default_security_group_id": "sg-93a860f8",
                            "dhcp_options_id": "dopt-53d99a3a",
                            "enable_dns_hostnames": "false",
                            "enable_dns_support": "true",
                            "id": "vpc-c69530ae",
                            "instance_tenancy": "default",
                            "main_route_table_id": "rtb-1f32a677",
                            "tags.%": "0"
                        },
                        "meta": {
                            "schema_version": "1"
                        },
                        "tainted": false
                    },
                    "deposed": [],
                    "provider": "provider.aws"
                }
            },
            "depends_on": []
        }
    ]
}
